
Microsoft Visual Studio Solution File, Format Version 12.00
# Visual Studio Version 16
VisualStudioVersion = 16.0.31410.357
MinimumVisualStudioVersion = 10.0.40219.1
Project("{FAE04EC0-301F-11D3-BF4B-00C04F79EFBC}") = "MBValidAttr", "MBValidAttr\MBValidAttr.csproj", "{517562EC-81BB-4B1D-847C-B93838EA40AB}"
EndProject
Global
	GlobalSection(SolutionConfigurationPlatforms) = preSolution
		Debug|Any CPU = Debug|Any CPU
		Release|Any CPU = Release|Any CPU
	EndGlobalSection
	GlobalSection(ProjectConfigurationPlatforms) = postSolution
		{517562EC-81BB-4B1D-847C-B93838EA40AB}.Debug|Any CPU.ActiveCfg = Debug|Any CPU
		{517562EC-81BB-4B1D-847C-B93838EA40AB}.Debug|Any CPU.Build.0 = Debug|Any CPU
		{517562EC-81BB-4B1D-847C-B93838EA40AB}.Release|Any CPU.ActiveCfg = Release|Any CPU
		{517562EC-81BB-4B1D-847C-B93838EA40AB}.Release|Any CPU.Build.0 = Release|Any CPU
	EndGlobalSection
	GlobalSection(SolutionProperties) = preSolution
		HideSolutionNode = FALSE
	EndGlobalSection
	GlobalSection(ExtensibilityGlobals) = postSolution
		SolutionGuid = {0A7522B5-BDB2-4E06-AA56-D04758FF095A}
	EndGlobalSection
EndGlobal
